// !$*UTF8*$!
{
	archiveVersion = 1;
	classes = {
	};
	objectVersion = 55;
	objects = {

/* Begin PBXBuildFile section */
		C54E8FDE27B1067B00E66F6C /* AppDelegate.swift in Sources */ = {isa = PBXBuildFile; fileRef = C54E8FDD27B1067B00E66F6C /* AppDelegate.swift */; };
		C54E8FE027B1067B00E66F6C /* SceneDelegate.swift in Sources */ = {isa = PBXBuildFile; fileRef = C54E8FDF27B1067B00E66F6C /* SceneDelegate.swift */; };
		C54E8FE527B1067B00E66F6C /* Main.storyboard in Resources */ = {isa = PBXBuildFile; fileRef = C54E8FE327B1067B00E66F6C /* Main.storyboard */; };
		C54E8FE727B1067C00E66F6C /* Assets.xcassets in Resources */ = {isa = PBXBuildFile; fileRef = C54E8FE627B1067C00E66F6C /* Assets.xcassets */; };
		C54E8FEA27B1067C00E66F6C /* LaunchScreen.storyboard in Resources */ = {isa = PBXBuildFile; fileRef = C54E8FE827B1067C00E66F6C /* LaunchScreen.storyboard */; };
		C54E8FF527B1075200E66F6C /* BaseViewController.swift in Sources */ = {isa = PBXBuildFile; fileRef = C54E8FF427B1075200E66F6C /* BaseViewController.swift */; };
		C54E8FF727B1077900E66F6C /* BaseNavigationController.swift in Sources */ = {isa = PBXBuildFile; fileRef = C54E8FF627B1077900E66F6C /* BaseNavigationController.swift */; };
		C54E8FF927B107BE00E66F6C /* MainViewController.swift in Sources */ = {isa = PBXBuildFile; fileRef = C54E8FF827B107BE00E66F6C /* MainViewController.swift */; };
		C54E8FFB27B1080900E66F6C /* UIColor+Config.swift in Sources */ = {isa = PBXBuildFile; fileRef = C54E8FFA27B1080900E66F6C /* UIColor+Config.swift */; };
		C54E8FFD27B1095700E66F6C /* FootprintListViewController.swift in Sources */ = {isa = PBXBuildFile; fileRef = C54E8FFC27B1095700E66F6C /* FootprintListViewController.swift */; };
		C54E8FFF27B1099000E66F6C /* FootprintListContentView.swift in Sources */ = {isa = PBXBuildFile; fileRef = C54E8FFE27B1099000E66F6C /* FootprintListContentView.swift */; };
		C54E900127B10B0F00E66F6C /* HomepageViewController.swift in Sources */ = {isa = PBXBuildFile; fileRef = C54E900027B10B0F00E66F6C /* HomepageViewController.swift */; };
		D91D9EF8B9006C793F78272C /* Pods_Tog.framework in Frameworks */ = {isa = PBXBuildFile; fileRef = AEF938C7F870B6E381174952 /* Pods_Tog.framework */; };
/* End PBXBuildFile section */

/* Begin PBXFileReference section */
		4CB5E0DA58EF8CBFB3A40FEB /* Pods-Tog.release.xcconfig */ = {isa = PBXFileReference; includeInIndex = 1; lastKnownFileType = text.xcconfig; name = "Pods-Tog.release.xcconfig"; path = "Target Support Files/Pods-Tog/Pods-Tog.release.xcconfig"; sourceTree = "<group>"; };
		9603B7160F38448C54EF9FE8 /* Pods-Tog.debug.xcconfig */ = {isa = PBXFileReference; includeInIndex = 1; lastKnownFileType = text.xcconfig; name = "Pods-Tog.debug.xcconfig"; path = "Target Support Files/Pods-Tog/Pods-Tog.debug.xcconfig"; sourceTree = "<group>"; };
		AEF938C7F870B6E381174952 /* Pods_Tog.framework */ = {isa = PBXFileReference; explicitFileType = wrapper.framework; includeInIndex = 0; path = Pods_Tog.framework; sourceTree = BUILT_PRODUCTS_DIR; };
		C54E8FDA27B1067B00E66F6C /* Tog.app */ = {isa = PBXFileReference; explicitFileType = wrapper.application; includeInIndex = 0; path = Tog.app; sourceTree = BUILT_PRODUCTS_DIR; };
		C54E8FDD27B1067B00E66F6C /* AppDelegate.swift */ = {isa = PBXFileReference; lastKnownFileType = sourcecode.swift; path = AppDelegate.swift; sourceTree = "<group>"; };
		C54E8FDF27B1067B00E66F6C /* SceneDelegate.swift */ = {isa = PBXFileReference; lastKnownFileType = sourcecode.swift; path = SceneDelegate.swift; sourceTree = "<group>"; };
		C54E8FE427B1067B00E66F6C /* Base */ = {isa = PBXFileReference; lastKnownFileType = file.storyboard; name = Base; path = Base.lproj/Main.storyboard; sourceTree = "<group>"; };
		C54E8FE627B1067C00E66F6C /* Assets.xcassets */ = {isa = PBXFileReference; lastKnownFileType = folder.assetcatalog; path = Assets.xcassets; sourceTree = "<group>"; };
		C54E8FE927B1067C00E66F6C /* Base */ = {isa = PBXFileReference; lastKnownFileType = file.storyboard; name = Base; path = Base.lproj/LaunchScreen.storyboard; sourceTree = "<group>"; };
		C54E8FEB27B1067C00E66F6C /* Info.plist */ = {isa = PBXFileReference; lastKnownFileType = text.plist.xml; path = Info.plist; sourceTree = "<group>"; };
		C54E8FF427B1075200E66F6C /* BaseViewController.swift */ = {isa = PBXFileReference; lastKnownFileType = sourcecode.swift; path = BaseViewController.swift; sourceTree = "<group>"; };
		C54E8FF627B1077900E66F6C /* BaseNavigationController.swift */ = {isa = PBXFileReference; lastKnownFileType = sourcecode.swift; path = BaseNavigationController.swift; sourceTree = "<group>"; };
		C54E8FF827B107BE00E66F6C /* MainViewController.swift */ = {isa = PBXFileReference; lastKnownFileType = sourcecode.swift; path = MainViewController.swift; sourceTree = "<group>"; };
		C54E8FFA27B1080900E66F6C /* UIColor+Config.swift */ = {isa = PBXFileReference; lastKnownFileType = sourcecode.swift; path = "UIColor+Config.swift"; sourceTree = "<group>"; };
		C54E8FFC27B1095700E66F6C /* FootprintListViewController.swift */ = {isa = PBXFileReference; lastKnownFileType = sourcecode.swift; path = FootprintListViewController.swift; sourceTree = "<group>"; };
		C54E8FFE27B1099000E66F6C /* FootprintListContentView.swift */ = {isa = PBXFileReference; lastKnownFileType = sourcecode.swift; path = FootprintListContentView.swift; sourceTree = "<group>"; };
		C54E900027B10B0F00E66F6C /* HomepageViewController.swift */ = {isa = PBXFileReference; lastKnownFileType = sourcecode.swift; path = HomepageViewController.swift; sourceTree = "<group>"; };
/* End PBXFileReference section */

/* Begin PBXFrameworksBuildPhase section */
		C54E8FD727B1067B00E66F6C /* Frameworks */ = {
			isa = PBXFrameworksBuildPhase;
			buildActionMask = 2147483647;
			files = (
				D91D9EF8B9006C793F78272C /* Pods_Tog.framework in Frameworks */,
			);
			runOnlyForDeploymentPostprocessing = 0;
		};
/* End PBXFrameworksBuildPhase section */

/* Begin PBXGroup section */
		A893247E755CF2FF03B1545F /* Frameworks */ = {
			isa = PBXGroup;
			children = (
				AEF938C7F870B6E381174952 /* Pods_Tog.framework */,
			);
			name = Frameworks;
			sourceTree = "<group>";
		};
		C54E8FD127B1067B00E66F6C = {
			isa = PBXGroup;
			children = (
				C54E8FDC27B1067B00E66F6C /* Tog */,
				C54E8FDB27B1067B00E66F6C /* Products */,
				DAE519AFBE2FD810757CE4E0 /* Pods */,
				A893247E755CF2FF03B1545F /* Frameworks */,
			);
			sourceTree = "<group>";
		};
		C54E8FDB27B1067B00E66F6C /* Products */ = {
			isa = PBXGroup;
			children = (
				C54E8FDA27B1067B00E66F6C /* Tog.app */,
			);
			name = Products;
			sourceTree = "<group>";
		};
		C54E8FDC27B1067B00E66F6C /* Tog */ = {
			isa = PBXGroup;
			children = (
				C54E8FF327B1073F00E66F6C /* Config */,
				C54E8FF227B1072F00E66F6C /* ViewControllers */,
				C54E8FF127B1072400E66F6C /* Views */,
				C54E8FDD27B1067B00E66F6C /* AppDelegate.swift */,
				C54E8FDF27B1067B00E66F6C /* SceneDelegate.swift */,
				C54E8FF827B107BE00E66F6C /* MainViewController.swift */,
				C54E8FE327B1067B00E66F6C /* Main.storyboard */,
				C54E8FE627B1067C00E66F6C /* Assets.xcassets */,
				C54E8FE827B1067C00E66F6C /* LaunchScreen.storyboard */,
				C54E8FEB27B1067C00E66F6C /* Info.plist */,
			);
			path = Tog;
			sourceTree = "<group>";
		};
		C54E8FF127B1072400E66F6C /* Views */ = {
			isa = PBXGroup;
			children = (
				C54E8FFE27B1099000E66F6C /* FootprintListContentView.swift */,
			);
			path = Views;
			sourceTree = "<group>";
		};
		C54E8FF227B1072F00E66F6C /* ViewControllers */ = {
			isa = PBXGroup;
			children = (
				C54E8FF427B1075200E66F6C /* BaseViewController.swift */,
				C54E8FF627B1077900E66F6C /* BaseNavigationController.swift */,
				C54E8FFC27B1095700E66F6C /* FootprintListViewController.swift */,
				C54E900027B10B0F00E66F6C /* HomepageViewController.swift */,
			);
			path = ViewControllers;
			sourceTree = "<group>";
		};
		C54E8FF327B1073F00E66F6C /* Config */ = {
			isa = PBXGroup;
			children = (
				C54E8FFA27B1080900E66F6C /* UIColor+Config.swift */,
			);
			path = Config;
			sourceTree = "<group>";
		};
		DAE519AFBE2FD810757CE4E0 /* Pods */ = {
			isa = PBXGroup;
			children = (
				9603B7160F38448C54EF9FE8 /* Pods-Tog.debug.xcconfig */,
				4CB5E0DA58EF8CBFB3A40FEB /* Pods-Tog.release.xcconfig */,
			);
			name = Pods;
			path = Pods;
			sourceTree = "<group>";
		};
/* End PBXGroup section */

/* Begin PBXNativeTarget section */
		C54E8FD927B1067B00E66F6C /* Tog */ = {
			isa = PBXNativeTarget;
			buildConfigurationList = C54E8FEE27B1067C00E66F6C /* Build configuration list for PBXNativeTarget "Tog" */;
			buildPhases = (
				75129DB5D1D64834DCF5CA83 /* [CP] Check Pods Manifest.lock */,
				C54E8FD627B1067B00E66F6C /* Sources */,
				C54E8FD727B1067B00E66F6C /* Frameworks */,
				C54E8FD827B1067B00E66F6C /* Resources */,
				F2A227C2BBD1127BC8B8FC6D /* [CP] Embed Pods Frameworks */,
			);
			buildRules = (
			);
			dependencies = (
			);
			name = Tog;
			productName = Tog;
			productReference = C54E8FDA27B1067B00E66F6C /* Tog.app */;
			productType = "com.apple.product-type.application";
		};
/* End PBXNativeTarget section */

/* Begin PBXProject section */
		C54E8FD227B1067B00E66F6C /* Project object */ = {
			isa = PBXProject;
			attributes = {
				BuildIndependentTargetsInParallel = 1;
				LastSwiftUpdateCheck = 1320;
				LastUpgradeCheck = 1320;
				TargetAttributes = {
					C54E8FD927B1067B00E66F6C = {
						CreatedOnToolsVersion = 13.2;
					};
				};
			};
			buildConfigurationList = C54E8FD527B1067B00E66F6C /* Build configuration list for PBXProject "Tog" */;
			compatibilityVersion = "Xcode 13.0";
			developmentRegion = en;
			hasScannedForEncodings = 0;
			knownRegions = (
				en,
				Base,
			);
			mainGroup = C54E8FD127B1067B00E66F6C;
			productRefGroup = C54E8FDB27B1067B00E66F6C /* Products */;
			projectDirPath = "";
			projectRoot = "";
			targets = (
				C54E8FD927B1067B00E66F6C /* Tog */,
			);
		};
/* End PBXProject section */

/* Begin PBXResourcesBuildPhase section */
		C54E8FD827B1067B00E66F6C /* Resources */ = {
			isa = PBXResourcesBuildPhase;
			buildActionMask = 2147483647;
			files = (
				C54E8FEA27B1067C00E66F6C /* LaunchScreen.storyboard in Resources */,
				C54E8FE727B1067C00E66F6C /* Assets.xcassets in Resources */,
				C54E8FE527B1067B00E66F6C /* Main.storyboard in Resources */,
			);
			runOnlyForDeploymentPostprocessing = 0;
		};
/* End PBXResourcesBuildPhase section */

/* Begin PBXShellScriptBuildPhase section */
		75129DB5D1D64834DCF5CA83 /* [CP] Check Pods Manifest.lock */ = {
			isa = PBXShellScriptBuildPhase;
			buildActionMask = 2147483647;
			files = (
			);
			inputFileListPaths = (
			);
			inputPaths = (
				"${PODS_PODFILE_DIR_PATH}/Podfile.lock",
				"${PODS_ROOT}/Manifest.lock",
			);
			name = "[CP] Check Pods Manifest.lock";
			outputFileListPaths = (
			);
			outputPaths = (
				"$(DERIVED_FILE_DIR)/Pods-Tog-checkManifestLockResult.txt",
			);
			runOnlyForDeploymentPostprocessing = 0;
			shellPath = /bin/sh;
			shellScript = "diff \"${PODS_PODFILE_DIR_PATH}/Podfile.lock\" \"${PODS_ROOT}/Manifest.lock\" > /dev/null\nif [ $? != 0 ] ; then\n    # print error to STDERR\n    echo \"error: The sandbox is not in sync with the Podfile.lock. Run 'pod install' or update your CocoaPods installation.\" >&2\n    exit 1\nfi\n# This output is used by Xcode 'outputs' to avoid re-running this script phase.\necho \"SUCCESS\" > \"${SCRIPT_OUTPUT_FILE_0}\"\n";
			showEnvVarsInLog = 0;
		};
		F2A227C2BBD1127BC8B8FC6D /* [CP] Embed Pods Frameworks */ = {
			isa = PBXShellScriptBuildPhase;
			buildActionMask = 2147483647;
			files = (
			);
			inputFileListPaths = (
				"${PODS_ROOT}/Target Support Files/Pods-Tog/Pods-Tog-frameworks-${CONFIGURATION}-input-files.xcfilelist",
			);
			name = "[CP] Embed Pods Frameworks";
			outputFileListPaths = (
				"${PODS_ROOT}/Target Support Files/Pods-Tog/Pods-Tog-frameworks-${CONFIGURATION}-output-files.xcfilelist",
			);
			runOnlyForDeploymentPostprocessing = 0;
			shellPath = /bin/sh;
			shellScript = "\"${PODS_ROOT}/Target Support Files/Pods-Tog/Pods-Tog-frameworks.sh\"\n";
			showEnvVarsInLog = 0;
		};
/* End PBXShellScriptBuildPhase section */

/* Begin PBXSourcesBuildPhase section */
		C54E8FD627B1067B00E66F6C /* Sources */ = {
			isa = PBXSourcesBuildPhase;
			buildActionMask = 2147483647;
			files = (
				C54E8FFF27B1099000E66F6C /* FootprintListContentView.swift in Sources */,
				C54E8FF527B1075200E66F6C /* BaseViewController.swift in Sources */,
				C54E8FDE27B1067B00E66F6C /* AppDelegate.swift in Sources */,
				C54E8FF927B107BE00E66F6C /* MainViewController.swift in Sources */,
				C54E8FF727B1077900E66F6C /* BaseNavigationController.swift in Sources */,
				C54E8FFD27B1095700E66F6C /* FootprintListViewController.swift in Sources */,
				C54E8FFB27B1080900E66F6C /* UIColor+Config.swift in Sources */,
				C54E8FE027B1067B00E66F6C /* SceneDelegate.swift in Sources */,
				C54E900127B10B0F00E66F6C /* HomepageViewController.swift in Sources */,
			);
			runOnlyForDeploymentPostprocessing = 0;
		};
/* End PBXSourcesBuildPhase section */

/* Begin PBXVariantGroup section */
		C54E8FE327B1067B00E66F6C /* Main.storyboard */ = {
			isa = PBXVariantGroup;
			children = (
				C54E8FE427B1067B00E66F6C /* Base */,
			);
			name = Main.storyboard;
			sourceTree = "<group>";
		};
		C54E8FE827B1067C00E66F6C /* LaunchScreen.storyboard */ = {
			isa = PBXVariantGroup;
			children = (
				C54E8FE927B1067C00E66F6C /* Base */,
			);
			name = LaunchScreen.storyboard;
			sourceTree = "<group>";
		};
/* End PBXVariantGroup section */

/* Begin XCBuildConfiguration section */
		C54E8FEC27B1067C00E66F6C /* Debug */ = {
			isa = XCBuildConfiguration;
			buildSettings = {
				ALWAYS_SEARCH_USER_PATHS = NO;
				CLANG_ANALYZER_NONNULL = YES;
				CLANG_ANALYZER_NUMBER_OBJECT_CONVERSION = YES_AGGRESSIVE;
				CLANG_CXX_LANGUAGE_STANDARD = "gnu++17";
				CLANG_CXX_LIBRARY = "libc++";
				CLANG_ENABLE_MODULES = YES;
				CLANG_ENABLE_OBJC_ARC = YES;
				CLANG_ENABLE_OBJC_WEAK = YES;
				CLANG_WARN_BLOCK_CAPTURE_AUTORELEASING = YES;
				CLANG_WARN_BOOL_CONVERSION = YES;
				CLANG_WARN_COMMA = YES;
				CLANG_WARN_CONSTANT_CONVERSION = YES;
				CLANG_WARN_DEPRECATED_OBJC_IMPLEMENTATIONS = YES;
				CLANG_WARN_DIRECT_OBJC_ISA_USAGE = YES_ERROR;
				CLANG_WARN_DOCUMENTATION_COMMENTS = YES;
				CLANG_WARN_EMPTY_BODY = YES;
				CLANG_WARN_ENUM_CONVERSION = YES;
				CLANG_WARN_INFINITE_RECURSION = YES;
				CLANG_WARN_INT_CONVERSION = YES;
				CLANG_WARN_NON_LITERAL_NULL_CONVERSION = YES;
				CLANG_WARN_OBJC_IMPLICIT_RETAIN_SELF = YES;
				CLANG_WARN_OBJC_LITERAL_CONVERSION = YES;
				CLANG_WARN_OBJC_ROOT_CLASS = YES_ERROR;
				CLANG_WARN_QUOTED_INCLUDE_IN_FRAMEWORK_HEADER = YES;
				CLANG_WARN_RANGE_LOOP_ANALYSIS = YES;
				CLANG_WARN_STRICT_PROTOTYPES = YES;
				CLANG_WARN_SUSPICIOUS_MOVE = YES;
				CLANG_WARN_UNGUARDED_AVAILABILITY = YES_AGGRESSIVE;
				CLANG_WARN_UNREACHABLE_CODE = YES;
				CLANG_WARN__DUPLICATE_METHOD_MATCH = YES;
				COPY_PHASE_STRIP = NO;
				DEBUG_INFORMATION_FORMAT = dwarf;
				ENABLE_STRICT_OBJC_MSGSEND = YES;
				ENABLE_TESTABILITY = YES;
				GCC_C_LANGUAGE_STANDARD = gnu11;
				GCC_DYNAMIC_NO_PIC = NO;
				GCC_NO_COMMON_BLOCKS = YES;
				GCC_OPTIMIZATION_LEVEL = 0;
				GCC_PREPROCESSOR_DEFINITIONS = (
					"DEBUG=1",
					"$(inherited)",
				);
				GCC_WARN_64_TO_32_BIT_CONVERSION = YES;
				GCC_WARN_ABOUT_RETURN_TYPE = YES_ERROR;
				GCC_WARN_UNDECLARED_SELECTOR = YES;
				GCC_WARN_UNINITIALIZED_AUTOS = YES_AGGRESSIVE;
				GCC_WARN_UNUSED_FUNCTION = YES;
				GCC_WARN_UNUSED_VARIABLE = YES;
				IPHONEOS_DEPLOYMENT_TARGET = 15.2;
				MTL_ENABLE_DEBUG_INFO = INCLUDE_SOURCE;
				MTL_FAST_MATH = YES;
				ONLY_ACTIVE_ARCH = YES;
				SDKROOT = iphoneos;
				SWIFT_ACTIVE_COMPILATION_CONDITIONS = DEBUG;
				SWIFT_OPTIMIZATION_LEVEL = "-Onone";
			};
			name = Debug;
		};
		C54E8FED27B1067C00E66F6C /* Release */ = {
			isa = XCBuildConfiguration;
			buildSettings = {
				ALWAYS_SEARCH_USER_PATHS = NO;
				CLANG_ANALYZER_NONNULL = YES;
				CLANG_ANALYZER_NUMBER_OBJECT_CONVERSION = YES_AGGRESSIVE;
				CLANG_CXX_LANGUAGE_STANDARD = "gnu++17";
				CLANG_CXX_LIBRARY = "libc++";
				CLANG_ENABLE_MODULES = YES;
				CLANG_ENABLE_OBJC_ARC = YES;
				CLANG_ENABLE_OBJC_WEAK = YES;
				CLANG_WARN_BLOCK_CAPTURE_AUTORELEASING = YES;
				CLANG_WARN_BOOL_CONVERSION = YES;
				CLANG_WARN_COMMA = YES;
				CLANG_WARN_CONSTANT_CONVERSION = YES;
				CLANG_WARN_DEPRECATED_OBJC_IMPLEMENTATIONS = YES;
				CLANG_WARN_DIRECT_OBJC_ISA_USAGE = YES_ERROR;
				CLANG_WARN_DOCUMENTATION_COMMENTS = YES;
				CLANG_WARN_EMPTY_BODY = YES;
				CLANG_WARN_ENUM_CONVERSION = YES;
				CLANG_WARN_INFINITE_RECURSION = YES;
				CLANG_WARN_INT_CONVERSION = YES;
				CLANG_WARN_NON_LITERAL_NULL_CONVERSION = YES;
				CLANG_WARN_OBJC_IMPLICIT_RETAIN_SELF = YES;
				CLANG_WARN_OBJC_LITERAL_CONVERSION = YES;
				CLANG_WARN_OBJC_ROOT_CLASS = YES_ERROR;
				CLANG_WARN_QUOTED_INCLUDE_IN_FRAMEWORK_HEADER = YES;
				CLANG_WARN_RANGE_LOOP_ANALYSIS = YES;
				CLANG_WARN_STRICT_PROTOTYPES = YES;
				CLANG_WARN_SUSPICIOUS_MOVE = YES;
				CLANG_WARN_UNGUARDED_AVAILABILITY = YES_AGGRESSIVE;
				CLANG_WARN_UNREACHABLE_CODE = YES;
				CLANG_WARN__DUPLICATE_METHOD_MATCH = YES;
				COPY_PHASE_STRIP = NO;
				DEBUG_INFORMATION_FORMAT = "dwarf-with-dsym";
				ENABLE_NS_ASSERTIONS = NO;
				ENABLE_STRICT_OBJC_MSGSEND = YES;
				GCC_C_LANGUAGE_STANDARD = gnu11;
				GCC_NO_COMMON_BLOCKS = YES;
				GCC_WARN_64_TO_32_BIT_CONVERSION = YES;
				GCC_WARN_ABOUT_RETURN_TYPE = YES_ERROR;
				GCC_WARN_UNDECLARED_SELECTOR = YES;
				GCC_WARN_UNINITIALIZED_AUTOS = YES_AGGRESSIVE;
				GCC_WARN_UNUSED_FUNCTION = YES;
				GCC_WARN_UNUSED_VARIABLE = YES;
				IPHONEOS_DEPLOYMENT_TARGET = 15.2;
				MTL_ENABLE_DEBUG_INFO = NO;
				MTL_FAST_MATH = YES;
				SDKROOT = iphoneos;
				SWIFT_COMPILATION_MODE = wholemodule;
				SWIFT_OPTIMIZATION_LEVEL = "-O";
				VALIDATE_PRODUCT = YES;
			};
			name = Release;
		};
		C54E8FEF27B1067C00E66F6C /* Debug */ = {
			isa = XCBuildConfiguration;
			baseConfigurationReference = 9603B7160F38448C54EF9FE8 /* Pods-Tog.debug.xcconfig */;
			buildSettings = {
				ASSETCATALOG_COMPILER_APPICON_NAME = AppIcon;
				ASSETCATALOG_COMPILER_GLOBAL_ACCENT_COLOR_NAME = AccentColor;
				CODE_SIGN_STYLE = Automatic;
				CURRENT_PROJECT_VERSION = 1;
				GENERATE_INFOPLIST_FILE = YES;
				INFOPLIST_FILE = Tog/Info.plist;
				INFOPLIST_KEY_UIApplicationSupportsIndirectInputEvents = YES;
				INFOPLIST_KEY_UILaunchStoryboardName = LaunchScreen;
				INFOPLIST_KEY_UIMainStoryboardFile = Main;
				INFOPLIST_KEY_UISupportedInterfaceOrientations_iPad = "UIInterfaceOrientationPortrait UIInterfaceOrientationPortraitUpsideDown UIInterfaceOrientationLandscapeLeft UIInterfaceOrientationLandscapeRight";
				INFOPLIST_KEY_UISupportedInterfaceOrientations_iPhone = "UIInterfaceOrientationPortrait UIInterfaceOrientationLandscapeLeft UIInterfaceOrientationLandscapeRight";
				IPHONEOS_DEPLOYMENT_TARGET = 13.0;
				LD_RUNPATH_SEARCH_PATHS = (
					"$(inherited)",
					"@executable_path/Frameworks",
				);
				MARKETING_VERSION = 1.0;
				PRODUCT_BUNDLE_IDENTIFIER = LJF.Tog;
				PRODUCT_NAME = "$(TARGET_NAME)";
				SWIFT_EMIT_LOC_STRINGS = YES;
				SWIFT_VERSION = 5.0;
				TARGETED_DEVICE_FAMILY = "1,2";
			};
			name = Debug;
		};
		C54E8FF027B1067C00E66F6C /* Release */ = {
			isa = XCBuildConfiguration;
			baseConfigurationReference = 4CB5E0DA58EF8CBFB3A40FEB /* Pods-Tog.release.xcconfig */;
			buildSettings = {
				ASSETCATALOG_COMPILER_APPICON_NAME = AppIcon;
				ASSETCATALOG_COMPILER_GLOBAL_ACCENT_COLOR_NAME = AccentColor;
				CODE_SIGN_STYLE = Automatic;
				CURRENT_PROJECT_VERSION = 1;
				GENERATE_INFOPLIST_FILE = YES;
				INFOPLIST_FILE = Tog/Info.plist;
				INFOPLIST_KEY_UIApplicationSupportsIndirectInputEvents = YES;
				INFOPLIST_KEY_UILaunchStoryboardName = LaunchScreen;
				INFOPLIST_KEY_UIMainStoryboardFile = Main;
				INFOPLIST_KEY_UISupportedInterfaceOrientations_iPad = "UIInterfaceOrientationPortrait UIInterfaceOrientationPortraitUpsideDown UIInterfaceOrientationLandscapeLeft UIInterfaceOrientationLandscapeRight";
				INFOPLIST_KEY_UISupportedInterfaceOrientations_iPhone = "UIInterfaceOrientationPortrait UIInterfaceOrientationLandscapeLeft UIInterfaceOrientationLandscapeRight";
				IPHONEOS_DEPLOYMENT_TARGET = 13.0;
				LD_RUNPATH_SEARCH_PATHS = (
					"$(inherited)",
					"@executable_path/Frameworks",
				);
				MARKETING_VERSION = 1.0;
				PRODUCT_BUNDLE_IDENTIFIER = LJF.Tog;
				PRODUCT_NAME = "$(TARGET_NAME)";
				SWIFT_EMIT_LOC_STRINGS = YES;
				SWIFT_VERSION = 5.0;
				TARGETED_DEVICE_FAMILY = "1,2";
			};
			name = Release;
		};
/* End XCBuildConfiguration section */

/* Begin XCConfigurationList section */
		C54E8FD527B1067B00E66F6C /* Build configuration list for PBXProject "Tog" */ = {
			isa = XCConfigurationList;
			buildConfigurations = (
				C54E8FEC27B1067C00E66F6C /* Debug */,
				C54E8FED27B1067C00E66F6C /* Release */,
			);
			defaultConfigurationIsVisible = 0;
			defaultConfigurationName = Release;
		};
		C54E8FEE27B1067C00E66F6C /* Build configuration list for PBXNativeTarget "Tog" */ = {
			isa = XCConfigurationList;
			buildConfigurations = (
				C54E8FEF27B1067C00E66F6C /* Debug */,
				C54E8FF027B1067C00E66F6C /* Release */,
			);
			defaultConfigurationIsVisible = 0;
			defaultConfigurationName = Release;
		};
/* End XCConfigurationList section */
	};
	rootObject = C54E8FD227B1067B00E66F6C /* Project object */;
}
